// !$*UTF8*$!
{
	archiveVersion = 1;
	classes = {
	};
	objectVersion = 46;
	objects = {

/* Begin PBXBuildFile section */
		04A125B0143D8D3D0094CEDA /* YRCorkViewcontroller.m in Sources */ = {isa = PBXBuildFile; fileRef = 04A125AF143D8D3D0094CEDA /* YRCorkViewcontroller.m */; };
		04A125B8143D8E980094CEDA /* UINavigationBar+CustomImage.m in Sources */ = {isa = PBXBuildFile; fileRef = 04A125B7143D8E980094CEDA /* UINavigationBar+CustomImage.m */; };
		04A125BC143D908F0094CEDA /* YRCorkView.xib in Resources */ = {isa = PBXBuildFile; fileRef = 04A125BB143D908F0094CEDA /* YRCorkView.xib */; };
		04A125BF143D92E50094CEDA /* cork-background~ipad.png in Resources */ = {isa = PBXBuildFile; fileRef = 04A125BE143D92E50094CEDA /* cork-background~ipad.png */; };
		04A125C1143D93DA0094CEDA /* navbar-background~ipad.png in Resources */ = {isa = PBXBuildFile; fileRef = 04A125C0143D93DA0094CEDA /* navbar-background~ipad.png */; };
		04A125CC143DA0F20094CEDA /* NSString+Additions.m in Sources */ = {isa = PBXBuildFile; fileRef = 04A125CB143DA0F20094CEDA /* NSString+Additions.m */; };
		04A125CF143DA12A0094CEDA /* NSData+Additions.m in Sources */ = {isa = PBXBuildFile; fileRef = 04A125CE143DA12A0094CEDA /* NSData+Additions.m */; };
		04A125D1143DA1440094CEDA /* libz.dylib in Frameworks */ = {isa = PBXBuildFile; fileRef = 04A125D0143DA1440094CEDA /* libz.dylib */; };
		04ADE662143E450100B204BD /* YRTribute.m in Sources */ = {isa = PBXBuildFile; fileRef = 04ADE661143E450100B204BD /* YRTribute.m */; };
		04ADE665143E4A3900B204BD /* YRTributeCollector.m in Sources */ = {isa = PBXBuildFile; fileRef = 04ADE664143E4A3900B204BD /* YRTributeCollector.m */; };
		04ADE672143E547300B204BD /* CHANGELOG.md in Resources */ = {isa = PBXBuildFile; fileRef = 04ADE66E143E547300B204BD /* CHANGELOG.md */; };
		04ADE673143E547300B204BD /* JSONKit.m in Sources */ = {isa = PBXBuildFile; fileRef = 04ADE670143E547300B204BD /* JSONKit.m */; settings = {COMPILER_FLAGS = "-fno-objc-arc"; }; };
		04ADE674143E547300B204BD /* README.md in Resources */ = {isa = PBXBuildFile; fileRef = 04ADE671143E547300B204BD /* README.md */; };
		04ADE687143E5CB200B204BD /* MediaPlayer.framework in Frameworks */ = {isa = PBXBuildFile; fileRef = 04ADE686143E5CB200B204BD /* MediaPlayer.framework */; };
		04ADE68A143E5E2800B204BD /* TributeVideo.mp4 in Resources */ = {isa = PBXBuildFile; fileRef = 04ADE689143E5E2800B204BD /* TributeVideo.mp4 */; };
		04DB3B56143D7FA100BD957B /* UIKit.framework in Frameworks */ = {isa = PBXBuildFile; fileRef = 04DB3B55143D7FA100BD957B /* UIKit.framework */; };
		04DB3B58143D7FA100BD957B /* Foundation.framework in Frameworks */ = {isa = PBXBuildFile; fileRef = 04DB3B57143D7FA100BD957B /* Foundation.framework */; };
		04DB3B5A143D7FA100BD957B /* CoreGraphics.framework in Frameworks */ = {isa = PBXBuildFile; fileRef = 04DB3B59143D7FA100BD957B /* CoreGraphics.framework */; };
		04DB3B60143D7FA100BD957B /* InfoPlist.strings in Resources */ = {isa = PBXBuildFile; fileRef = 04DB3B5E143D7FA100BD957B /* InfoPlist.strings */; };
		04DB3B62143D7FA100BD957B /* main.m in Sources */ = {isa = PBXBuildFile; fileRef = 04DB3B61143D7FA100BD957B /* main.m */; };
		04DB3B66143D7FA100BD957B /* YRAppDelegate.m in Sources */ = {isa = PBXBuildFile; fileRef = 04DB3B65143D7FA100BD957B /* YRAppDelegate.m */; };
		04E0DBAF143E64CB0031781B /* TributePhoto.png in Resources */ = {isa = PBXBuildFile; fileRef = 04E0DBAE143E64CB0031781B /* TributePhoto.png */; };
		4BC91BD3143E7A1D001E3A41 /* PostsContentView.m in Sources */ = {isa = PBXBuildFile; fileRef = 4BC91BD2143E7A1D001E3A41 /* PostsContentView.m */; };
		4BC91BD5143E7BEF001E3A41 /* TributePhoto@2.png in Resources */ = {isa = PBXBuildFile; fileRef = 4BC91BD4143E7BEF001E3A41 /* TributePhoto@2.png */; };
/* End PBXBuildFile section */

/* Begin PBXFileReference section */
		04A125AE143D8D3D0094CEDA /* YRCorkViewcontroller.h */ = {isa = PBXFileReference; fileEncoding = 4; lastKnownFileType = sourcecode.c.h; name = YRCorkViewcontroller.h; path = Classes/Controllers/YRCorkViewcontroller.h; sourceTree = "<group>"; };
		04A125AF143D8D3D0094CEDA /* YRCorkViewcontroller.m */ = {isa = PBXFileReference; fileEncoding = 4; lastKnownFileType = sourcecode.c.objc; name = YRCorkViewcontroller.m; path = Classes/Controllers/YRCorkViewcontroller.m; sourceTree = "<group>"; };
		04A125B6143D8E980094CEDA /* UINavigationBar+CustomImage.h */ = {isa = PBXFileReference; fileEncoding = 4; lastKnownFileType = sourcecode.c.h; path = "UINavigationBar+CustomImage.h"; sourceTree = "<group>"; };
		04A125B7143D8E980094CEDA /* UINavigationBar+CustomImage.m */ = {isa = PBXFileReference; fileEncoding = 4; lastKnownFileType = sourcecode.c.objc; path = "UINavigationBar+CustomImage.m"; sourceTree = "<group>"; };
		04A125BB143D908F0094CEDA /* YRCorkView.xib */ = {isa = PBXFileReference; fileEncoding = 4; lastKnownFileType = file.xib; name = YRCorkView.xib; path = "Interface Builder/YRCorkView.xib"; sourceTree = "<group>"; };
		04A125BE143D92E50094CEDA /* cork-background~ipad.png */ = {isa = PBXFileReference; lastKnownFileType = image.png; path = "cork-background~ipad.png"; sourceTree = "<group>"; };
		04A125C0143D93DA0094CEDA /* navbar-background~ipad.png */ = {isa = PBXFileReference; lastKnownFileType = image.png; name = "navbar-background~ipad.png"; path = "SteveJobsTribute/Resources/Navigation Bar/navbar-background~ipad.png"; sourceTree = "<group>"; };
		04A125CA143DA0F20094CEDA /* NSString+Additions.h */ = {isa = PBXFileReference; fileEncoding = 4; lastKnownFileType = sourcecode.c.h; path = "NSString+Additions.h"; sourceTree = "<group>"; };
		04A125CB143DA0F20094CEDA /* NSString+Additions.m */ = {isa = PBXFileReference; fileEncoding = 4; lastKnownFileType = sourcecode.c.objc; path = "NSString+Additions.m"; sourceTree = "<group>"; };
		04A125CD143DA12A0094CEDA /* NSData+Additions.h */ = {isa = PBXFileReference; fileEncoding = 4; lastKnownFileType = sourcecode.c.h; path = "NSData+Additions.h"; sourceTree = "<group>"; };
		04A125CE143DA12A0094CEDA /* NSData+Additions.m */ = {isa = PBXFileReference; fileEncoding = 4; lastKnownFileType = sourcecode.c.objc; path = "NSData+Additions.m"; sourceTree = "<group>"; };
		04A125D0143DA1440094CEDA /* libz.dylib */ = {isa = PBXFileReference; lastKnownFileType = "compiled.mach-o.dylib"; name = libz.dylib; path = usr/lib/libz.dylib; sourceTree = SDKROOT; };
		04ADE660143E450100B204BD /* YRTribute.h */ = {isa = PBXFileReference; fileEncoding = 4; lastKnownFileType = sourcecode.c.h; name = YRTribute.h; path = Classes/Models/Objects/YRTribute.h; sourceTree = "<group>"; };
		04ADE661143E450100B204BD /* YRTribute.m */ = {isa = PBXFileReference; fileEncoding = 4; lastKnownFileType = sourcecode.c.objc; name = YRTribute.m; path = Classes/Models/Objects/YRTribute.m; sourceTree = "<group>"; };
		04ADE663143E4A3900B204BD /* YRTributeCollector.h */ = {isa = PBXFileReference; fileEncoding = 4; lastKnownFileType = sourcecode.c.h; name = YRTributeCollector.h; path = Classes/Models/YRTributeCollector.h; sourceTree = "<group>"; };
		04ADE664143E4A3900B204BD /* YRTributeCollector.m */ = {isa = PBXFileReference; fileEncoding = 4; lastKnownFileType = sourcecode.c.objc; name = YRTributeCollector.m; path = Classes/Models/YRTributeCollector.m; sourceTree = "<group>"; };
		04ADE66E143E547300B204BD /* CHANGELOG.md */ = {isa = PBXFileReference; fileEncoding = 4; lastKnownFileType = text; path = CHANGELOG.md; sourceTree = "<group>"; };
		04ADE66F143E547300B204BD /* JSONKit.h */ = {isa = PBXFileReference; fileEncoding = 4; lastKnownFileType = sourcecode.c.h; path = JSONKit.h; sourceTree = "<group>"; };
		04ADE670143E547300B204BD /* JSONKit.m */ = {isa = PBXFileReference; fileEncoding = 4; lastKnownFileType = sourcecode.c.objc; path = JSONKit.m; sourceTree = "<group>"; };
		04ADE671143E547300B204BD /* README.md */ = {isa = PBXFileReference; fileEncoding = 4; lastKnownFileType = text; path = README.md; sourceTree = "<group>"; };
		04ADE686143E5CB200B204BD /* MediaPlayer.framework */ = {isa = PBXFileReference; lastKnownFileType = wrapper.framework; name = MediaPlayer.framework; path = System/Library/Frameworks/MediaPlayer.framework; sourceTree = SDKROOT; };
		04ADE689143E5E2800B204BD /* TributeVideo.mp4 */ = {isa = PBXFileReference; lastKnownFileType = file; path = TributeVideo.mp4; sourceTree = "<group>"; };
		04DB3B51143D7FA100BD957B /* SteveJobsTribute.app */ = {isa = PBXFileReference; explicitFileType = wrapper.application; includeInIndex = 0; path = SteveJobsTribute.app; sourceTree = BUILT_PRODUCTS_DIR; };
		04DB3B55143D7FA100BD957B /* UIKit.framework */ = {isa = PBXFileReference; lastKnownFileType = wrapper.framework; name = UIKit.framework; path = System/Library/Frameworks/UIKit.framework; sourceTree = SDKROOT; };
		04DB3B57143D7FA100BD957B /* Foundation.framework */ = {isa = PBXFileReference; lastKnownFileType = wrapper.framework; name = Foundation.framework; path = System/Library/Frameworks/Foundation.framework; sourceTree = SDKROOT; };
		04DB3B59143D7FA100BD957B /* CoreGraphics.framework */ = {isa = PBXFileReference; lastKnownFileType = wrapper.framework; name = CoreGraphics.framework; path = System/Library/Frameworks/CoreGraphics.framework; sourceTree = SDKROOT; };
		04DB3B5D143D7FA100BD957B /* SteveJobsTribute-Info.plist */ = {isa = PBXFileReference; lastKnownFileType = text.plist.xml; path = "SteveJobsTribute-Info.plist"; sourceTree = "<group>"; };
		04DB3B5F143D7FA100BD957B /* en */ = {isa = PBXFileReference; lastKnownFileType = text.plist.strings; name = en; path = en.lproj/InfoPlist.strings; sourceTree = "<group>"; };
		04DB3B61143D7FA100BD957B /* main.m */ = {isa = PBXFileReference; lastKnownFileType = sourcecode.c.objc; path = main.m; sourceTree = "<group>"; };
		04DB3B63143D7FA100BD957B /* SteveJobsTribute-Prefix.pch */ = {isa = PBXFileReference; lastKnownFileType = sourcecode.c.h; path = "SteveJobsTribute-Prefix.pch"; sourceTree = "<group>"; };
		04DB3B64143D7FA100BD957B /* YRAppDelegate.h */ = {isa = PBXFileReference; lastKnownFileType = sourcecode.c.h; path = YRAppDelegate.h; sourceTree = "<group>"; };
		04DB3B65143D7FA100BD957B /* YRAppDelegate.m */ = {isa = PBXFileReference; lastKnownFileType = sourcecode.c.objc; path = YRAppDelegate.m; sourceTree = "<group>"; };
		04E0DBAE143E64CB0031781B /* TributePhoto.png */ = {isa = PBXFileReference; lastKnownFileType = image.png; path = TributePhoto.png; sourceTree = "<group>"; };
		4BC91BD1143E7A1D001E3A41 /* PostsContentView.h */ = {isa = PBXFileReference; fileEncoding = 4; lastKnownFileType = sourcecode.c.h; name = PostsContentView.h; path = Classes/Views/PostsContentView.h; sourceTree = "<group>"; };
		4BC91BD2143E7A1D001E3A41 /* PostsContentView.m */ = {isa = PBXFileReference; fileEncoding = 4; lastKnownFileType = sourcecode.c.objc; name = PostsContentView.m; path = Classes/Views/PostsContentView.m; sourceTree = "<group>"; };
		4BC91BD4143E7BEF001E3A41 /* TributePhoto@2.png */ = {isa = PBXFileReference; lastKnownFileType = image.png; path = "TributePhoto@2.png"; sourceTree = "<group>"; };
/* End PBXFileReference section */

/* Begin PBXFrameworksBuildPhase section */
		04DB3B4E143D7FA100BD957B /* Frameworks */ = {
			isa = PBXFrameworksBuildPhase;
			buildActionMask = 2147483647;
			files = (
				04ADE687143E5CB200B204BD /* MediaPlayer.framework in Frameworks */,
				04A125D1143DA1440094CEDA /* libz.dylib in Frameworks */,
				04DB3B56143D7FA100BD957B /* UIKit.framework in Frameworks */,
				04DB3B58143D7FA100BD957B /* Foundation.framework in Frameworks */,
				04DB3B5A143D7FA100BD957B /* CoreGraphics.framework in Frameworks */,
			);
			runOnlyForDeploymentPostprocessing = 0;
		};
/* End PBXFrameworksBuildPhase section */

/* Begin PBXGroup section */
		04A125AB143D8C630094CEDA /* Interface Builder */ = {
			isa = PBXGroup;
			children = (
				04A125BB143D908F0094CEDA /* YRCorkView.xib */,
			);
			name = "Interface Builder";
			sourceTree = "<group>";
		};
		04A125AD143D8C730094CEDA /* Controllers */ = {
			isa = PBXGroup;
			children = (
				04A125AE143D8D3D0094CEDA /* YRCorkViewcontroller.h */,
				04A125AF143D8D3D0094CEDA /* YRCorkViewcontroller.m */,
			);
			name = Controllers;
			sourceTree = "<group>";
		};
		04A125B5143D8E980094CEDA /* Categories */ = {
			isa = PBXGroup;
			children = (
				04A125CD143DA12A0094CEDA /* NSData+Additions.h */,
				04A125CE143DA12A0094CEDA /* NSData+Additions.m */,
				04A125CA143DA0F20094CEDA /* NSString+Additions.h */,
				04A125CB143DA0F20094CEDA /* NSString+Additions.m */,
				04A125B6143D8E980094CEDA /* UINavigationBar+CustomImage.h */,
				04A125B7143D8E980094CEDA /* UINavigationBar+CustomImage.m */,
			);
			name = Categories;
			path = Classes/Additions;
			sourceTree = "<group>";
		};
		04A125B9143D8FE80094CEDA /* Resources */ = {
			isa = PBXGroup;
			children = (
				04ADE688143E5E2800B204BD /* Tribute Intro */,
				04A125BD143D92E50094CEDA /* Backgrounds */,
				04A125BA143D8FF60094CEDA /* Navigation Bar */,
			);
			name = Resources;
			sourceTree = "<group>";
		};
		04A125BA143D8FF60094CEDA /* Navigation Bar */ = {
			isa = PBXGroup;
			children = (
				04A125C0143D93DA0094CEDA /* navbar-background~ipad.png */,
			);
			name = "Navigation Bar";
			sourceTree = "<group>";
		};
		04A125BD143D92E50094CEDA /* Backgrounds */ = {
			isa = PBXGroup;
			children = (
				04A125BE143D92E50094CEDA /* cork-background~ipad.png */,
			);
			name = Backgrounds;
			path = SteveJobsTribute/Resources/Backgrounds;
			sourceTree = "<group>";
		};
		04ADE65D143E44BA00B204BD /* Models */ = {
			isa = PBXGroup;
			children = (
				04ADE65F143E44D800B204BD /* Objects */,
				04ADE663143E4A3900B204BD /* YRTributeCollector.h */,
				04ADE664143E4A3900B204BD /* YRTributeCollector.m */,
			);
			name = Models;
			sourceTree = "<group>";
		};
		04ADE65F143E44D800B204BD /* Objects */ = {
			isa = PBXGroup;
			children = (
				04ADE660143E450100B204BD /* YRTribute.h */,
				04ADE661143E450100B204BD /* YRTribute.m */,
			);
			name = Objects;
			sourceTree = "<group>";
		};
		04ADE66D143E547300B204BD /* JSONKit */ = {
			isa = PBXGroup;
			children = (
				04ADE66E143E547300B204BD /* CHANGELOG.md */,
				04ADE66F143E547300B204BD /* JSONKit.h */,
				04ADE670143E547300B204BD /* JSONKit.m */,
				04ADE671143E547300B204BD /* README.md */,
			);
			name = JSONKit;
			path = Resources/JSONKit;
			sourceTree = "<group>";
		};
		04ADE688143E5E2800B204BD /* Tribute Intro */ = {
			isa = PBXGroup;
			children = (
				4BC91BD4143E7BEF001E3A41 /* TributePhoto@2.png */,
				04ADE689143E5E2800B204BD /* TributeVideo.mp4 */,
				04E0DBAE143E64CB0031781B /* TributePhoto.png */,
			);
			name = "Tribute Intro";
			path = "SteveJobsTribute/Resources/Tribute Intro";
			sourceTree = "<group>";
		};
		04DB3B46143D7FA100BD957B = {
			isa = PBXGroup;
			children = (
				04DB3B5B143D7FA100BD957B /* SteveJobsTribute */,
				04A125B9143D8FE80094CEDA /* Resources */,
				04DB3B54143D7FA100BD957B /* Frameworks */,
				04DB3B52143D7FA100BD957B /* Products */,
			);
			sourceTree = "<group>";
		};
		04DB3B52143D7FA100BD957B /* Products */ = {
			isa = PBXGroup;
			children = (
				04DB3B51143D7FA100BD957B /* SteveJobsTribute.app */,
			);
			name = Products;
			sourceTree = "<group>";
		};
		04DB3B54143D7FA100BD957B /* Frameworks */ = {
			isa = PBXGroup;
			children = (
				04A125D0143DA1440094CEDA /* libz.dylib */,
				04ADE686143E5CB200B204BD /* MediaPlayer.framework */,
				04DB3B55143D7FA100BD957B /* UIKit.framework */,
				04DB3B57143D7FA100BD957B /* Foundation.framework */,
				04DB3B59143D7FA100BD957B /* CoreGraphics.framework */,
			);
			name = Frameworks;
			sourceTree = "<group>";
		};
		04DB3B5B143D7FA100BD957B /* SteveJobsTribute */ = {
			isa = PBXGroup;
			children = (
				4BC91BCF143E79B8001E3A41 /* Views */,
				04ADE65D143E44BA00B204BD /* Models */,
				04A125AD143D8C730094CEDA /* Controllers */,
				04A125AB143D8C630094CEDA /* Interface Builder */,
				04DB3B64143D7FA100BD957B /* YRAppDelegate.h */,
				04DB3B65143D7FA100BD957B /* YRAppDelegate.m */,
				04DB3B5C143D7FA100BD957B /* Supporting Files */,
			);
			path = SteveJobsTribute;
			sourceTree = "<group>";
		};
		04DB3B5C143D7FA100BD957B /* Supporting Files */ = {
			isa = PBXGroup;
			children = (
				04ADE66D143E547300B204BD /* JSONKit */,
				04A125B5143D8E980094CEDA /* Categories */,
				04DB3B5D143D7FA100BD957B /* SteveJobsTribute-Info.plist */,
				04DB3B5E143D7FA100BD957B /* InfoPlist.strings */,
				04DB3B61143D7FA100BD957B /* main.m */,
				04DB3B63143D7FA100BD957B /* SteveJobsTribute-Prefix.pch */,
			);
			name = "Supporting Files";
			sourceTree = "<group>";
		};
		4BC91BCF143E79B8001E3A41 /* Views */ = {
			isa = PBXGroup;
			children = (
				4BC91BD1143E7A1D001E3A41 /* PostsContentView.h */,
				4BC91BD2143E7A1D001E3A41 /* PostsContentView.m */,
			);
			name = Views;
			sourceTree = "<group>";
		};
/* End PBXGroup section */

/* Begin PBXNativeTarget section */
		04DB3B50143D7FA100BD957B /* SteveJobsTribute */ = {
			isa = PBXNativeTarget;
			buildConfigurationList = 04DB3B69143D7FA100BD957B /* Build configuration list for PBXNativeTarget "SteveJobsTribute" */;
			buildPhases = (
				04DB3B4D143D7FA100BD957B /* Sources */,
				04DB3B4E143D7FA100BD957B /* Frameworks */,
				04DB3B4F143D7FA100BD957B /* Resources */,
			);
			buildRules = (
			);
			dependencies = (
			);
			name = SteveJobsTribute;
			productName = SteveJobsTribute;
			productReference = 04DB3B51143D7FA100BD957B /* SteveJobsTribute.app */;
			productType = "com.apple.product-type.application";
		};
/* End PBXNativeTarget section */

/* Begin PBXProject section */
		04DB3B48143D7FA100BD957B /* Project object */ = {
			isa = PBXProject;
			attributes = {
				LastUpgradeCheck = 0420;
				ORGANIZATIONNAME = "Yoshimi Robotics";
			};
			buildConfigurationList = 04DB3B4B143D7FA100BD957B /* Build configuration list for PBXProject "SteveJobsTribute" */;
			compatibilityVersion = "Xcode 3.2";
			developmentRegion = English;
			hasScannedForEncodings = 0;
			knownRegions = (
				en,
			);
			mainGroup = 04DB3B46143D7FA100BD957B;
			productRefGroup = 04DB3B52143D7FA100BD957B /* Products */;
			projectDirPath = "";
			projectRoot = "";
			targets = (
				04DB3B50143D7FA100BD957B /* SteveJobsTribute */,
			);
		};
/* End PBXProject section */

/* Begin PBXResourcesBuildPhase section */
		04DB3B4F143D7FA100BD957B /* Resources */ = {
			isa = PBXResourcesBuildPhase;
			buildActionMask = 2147483647;
			files = (
				04DB3B60143D7FA100BD957B /* InfoPlist.strings in Resources */,
				04A125BC143D908F0094CEDA /* YRCorkView.xib in Resources */,
				04A125BF143D92E50094CEDA /* cork-background~ipad.png in Resources */,
				04A125C1143D93DA0094CEDA /* navbar-background~ipad.png in Resources */,
				04ADE672143E547300B204BD /* CHANGELOG.md in Resources */,
				04ADE674143E547300B204BD /* README.md in Resources */,
				04ADE68A143E5E2800B204BD /* TributeVideo.mp4 in Resources */,
				04E0DBAF143E64CB0031781B /* TributePhoto.png in Resources */,
				4BC91BD5143E7BEF001E3A41 /* TributePhoto@2.png in Resources */,
			);
			runOnlyForDeploymentPostprocessing = 0;
		};
/* End PBXResourcesBuildPhase section */

/* Begin PBXSourcesBuildPhase section */
		04DB3B4D143D7FA100BD957B /* Sources */ = {
			isa = PBXSourcesBuildPhase;
			buildActionMask = 2147483647;
			files = (
				04DB3B62143D7FA100BD957B /* main.m in Sources */,
				04DB3B66143D7FA100BD957B /* YRAppDelegate.m in Sources */,
				04A125B0143D8D3D0094CEDA /* YRCorkViewcontroller.m in Sources */,
				04A125B8143D8E980094CEDA /* UINavigationBar+CustomImage.m in Sources */,
				04A125CC143DA0F20094CEDA /* NSString+Additions.m in Sources */,
				04A125CF143DA12A0094CEDA /* NSData+Additions.m in Sources */,
				04ADE662143E450100B204BD /* YRTribute.m in Sources */,
				04ADE665143E4A3900B204BD /* YRTributeCollector.m in Sources */,
				04ADE673143E547300B204BD /* JSONKit.m in Sources */,
				4BC91BD3143E7A1D001E3A41 /* PostsContentView.m in Sources */,
			);
			runOnlyForDeploymentPostprocessing = 0;
		};
/* End PBXSourcesBuildPhase section */

/* Begin PBXVariantGroup section */
		04DB3B5E143D7FA100BD957B /* InfoPlist.strings */ = {
			isa = PBXVariantGroup;
			children = (
				04DB3B5F143D7FA100BD957B /* en */,
			);
			name = InfoPlist.strings;
			sourceTree = "<group>";
		};
/* End PBXVariantGroup section */

/* Begin XCBuildConfiguration section */
		04DB3B67143D7FA100BD957B /* Debug */ = {
			isa = XCBuildConfiguration;
			buildSettings = {
				ALWAYS_SEARCH_USER_PATHS = NO;
				ARCHS = "$(ARCHS_STANDARD_32_BIT)";
				CLANG_ENABLE_OBJC_ARC = YES;
				"CODE_SIGN_IDENTITY[sdk=iphoneos*]" = "iPhone Developer";
				COPY_PHASE_STRIP = NO;
				GCC_C_LANGUAGE_STANDARD = gnu99;
				GCC_DYNAMIC_NO_PIC = NO;
				GCC_OPTIMIZATION_LEVEL = 0;
				GCC_PREPROCESSOR_DEFINITIONS = (
					"DEBUG=1",
					"$(inherited)",
				);
				GCC_SYMBOLS_PRIVATE_EXTERN = NO;
				GCC_VERSION = com.apple.compilers.llvm.clang.1_0;
				GCC_WARN_ABOUT_MISSING_PROTOTYPES = YES;
				GCC_WARN_ABOUT_RETURN_TYPE = YES;
				GCC_WARN_UNUSED_VARIABLE = YES;
				IPHONEOS_DEPLOYMENT_TARGET = 5.0;
				SDKROOT = iphoneos;
				TARGETED_DEVICE_FAMILY = "1,2";
			};
			name = Debug;
		};
		04DB3B68143D7FA100BD957B /* Release */ = {
			isa = XCBuildConfiguration;
			buildSettings = {
				ALWAYS_SEARCH_USER_PATHS = NO;
				ARCHS = "$(ARCHS_STANDARD_32_BIT)";
				CLANG_ENABLE_OBJC_ARC = YES;
				"CODE_SIGN_IDENTITY[sdk=iphoneos*]" = "iPhone Developer";
				COPY_PHASE_STRIP = YES;
				GCC_C_LANGUAGE_STANDARD = gnu99;
				GCC_VERSION = com.apple.compilers.llvm.clang.1_0;
				GCC_WARN_ABOUT_MISSING_PROTOTYPES = YES;
				GCC_WARN_ABOUT_RETURN_TYPE = YES;
				GCC_WARN_UNUSED_VARIABLE = YES;
				IPHONEOS_DEPLOYMENT_TARGET = 5.0;
				OTHER_CFLAGS = "-DNS_BLOCK_ASSERTIONS=1";
				SDKROOT = iphoneos;
				TARGETED_DEVICE_FAMILY = "1,2";
				VALIDATE_PRODUCT = YES;
			};
			name = Release;
		};
		04DB3B6A143D7FA100BD957B /* Debug */ = {
			isa = XCBuildConfiguration;
			buildSettings = {
				GCC_PRECOMPILE_PREFIX_HEADER = YES;
				GCC_PREFIX_HEADER = "SteveJobsTribute/SteveJobsTribute-Prefix.pch";
				INFOPLIST_FILE = "SteveJobsTribute/SteveJobsTribute-Info.plist";
				LIBRARY_SEARCH_PATHS = (
					"$(inherited)",
					"\"$(SRCROOT)/SteveJobsTribute/Resources/Analytics\"",
				);
				OTHER_LDFLAGS = "-ObjC";
				PRODUCT_NAME = "$(TARGET_NAME)";
				SKIP_INSTALL = YES;
				WRAPPER_EXTENSION = app;
			};
			name = Debug;
		};
		04DB3B6B143D7FA100BD957B /* Release */ = {
			isa = XCBuildConfiguration;
			buildSettings = {
				GCC_PRECOMPILE_PREFIX_HEADER = YES;
				GCC_PREFIX_HEADER = "SteveJobsTribute/SteveJobsTribute-Prefix.pch";
				INFOPLIST_FILE = "SteveJobsTribute/SteveJobsTribute-Info.plist";
				LIBRARY_SEARCH_PATHS = (
					"$(inherited)",
					"\"$(SRCROOT)/SteveJobsTribute/Resources/Analytics\"",
				);
				OTHER_LDFLAGS = "-ObjC";
				PRODUCT_NAME = "$(TARGET_NAME)";
				SKIP_INSTALL = YES;
				WRAPPER_EXTENSION = app;
			};
			name = Release;
		};
/* End XCBuildConfiguration section */

/* Begin XCConfigurationList section */
		04DB3B4B143D7FA100BD957B /* Build configuration list for PBXProject "SteveJobsTribute" */ = {
			isa = XCConfigurationList;
			buildConfigurations = (
				04DB3B67143D7FA100BD957B /* Debug */,
				04DB3B68143D7FA100BD957B /* Release */,
			);
			defaultConfigurationIsVisible = 0;
			defaultConfigurationName = Release;
		};
		04DB3B69143D7FA100BD957B /* Build configuration list for PBXNativeTarget "SteveJobsTribute" */ = {
			isa = XCConfigurationList;
			buildConfigurations = (
				04DB3B6A143D7FA100BD957B /* Debug */,
				04DB3B6B143D7FA100BD957B /* Release */,
			);
			defaultConfigurationIsVisible = 0;
			defaultConfigurationName = Release;
		};
/* End XCConfigurationList section */
	};
	rootObject = 04DB3B48143D7FA100BD957B /* Project object */;
}
